
Microsoft Visual Studio Solution File, Format Version 12.00
# Visual Studio Version 17
VisualStudioVersion = 17.0.32112.339
MinimumVisualStudioVersion = 10.0.40219.1
Project("{FAE04EC0-301F-11D3-BF4B-00C04F79EFBC}") = "CashRegister", "CashRegister\CashRegister.csproj", "{DCECA084-7165-4C49-8069-CF03B5DCF5CA}"
EndProject
Global
	GlobalSection(SolutionConfigurationPlatforms) = preSolution
		Debug|Any CPU = Debug|Any CPU
		Release|Any CPU = Release|Any CPU
	EndGlobalSection
	GlobalSection(ProjectConfigurationPlatforms) = postSolution
		{DCECA084-7165-4C49-8069-CF03B5DCF5CA}.Debug|Any CPU.ActiveCfg = Debug|Any CPU
		{DCECA084-7165-4C49-8069-CF03B5DCF5CA}.Debug|Any CPU.Build.0 = Debug|Any CPU
		{DCECA084-7165-4C49-8069-CF03B5DCF5CA}.Release|Any CPU.ActiveCfg = Release|Any CPU
		{DCECA084-7165-4C49-8069-CF03B5DCF5CA}.Release|Any CPU.Build.0 = Release|Any CPU
	EndGlobalSection
	GlobalSection(SolutionProperties) = preSolution
		HideSolutionNode = FALSE
	EndGlobalSection
	GlobalSection(ExtensibilityGlobals) = postSolution
		SolutionGuid = {CE564F22-D122-49EA-8608-D559E9480017}
	EndGlobalSection
EndGlobal
